// !$*UTF8*$!
{
	archiveVersion = 1;
	classes = {
	};
	objectVersion = 50;
	objects = {

/* Begin PBXBuildFile section */
		FBCBBE392212165F00687A6E /* AppDelegate.swift in Sources */ = {isa = PBXBuildFile; fileRef = FBCBBE382212165F00687A6E /* AppDelegate.swift */; };
		FBCBBE3B2212165F00687A6E /* ViewController.swift in Sources */ = {isa = PBXBuildFile; fileRef = FBCBBE3A2212165F00687A6E /* ViewController.swift */; };
		FBCBBE3E2212165F00687A6E /* Main.storyboard in Resources */ = {isa = PBXBuildFile; fileRef = FBCBBE3C2212165F00687A6E /* Main.storyboard */; };
		FBCBBE402212166000687A6E /* Assets.xcassets in Resources */ = {isa = PBXBuildFile; fileRef = FBCBBE3F2212166000687A6E /* Assets.xcassets */; };
		FBCBBE432212166000687A6E /* LaunchScreen.storyboard in Resources */ = {isa = PBXBuildFile; fileRef = FBCBBE412212166000687A6E /* LaunchScreen.storyboard */; };
		FBCBBE4B221216AA00687A6E /* TableViewController.swift in Sources */ = {isa = PBXBuildFile; fileRef = FBCBBE4A221216AA00687A6E /* TableViewController.swift */; };
		FBCBBE4D2212186300687A6E /* Jugador.swift in Sources */ = {isa = PBXBuildFile; fileRef = FBCBBE4C2212186300687A6E /* Jugador.swift */; };
/* End PBXBuildFile section */

/* Begin PBXFileReference section */
		FBCBBE352212165F00687A6E /* TableViewAct.app */ = {isa = PBXFileReference; explicitFileType = wrapper.application; includeInIndex = 0; path = TableViewAct.app; sourceTree = BUILT_PRODUCTS_DIR; };
		FBCBBE382212165F00687A6E /* AppDelegate.swift */ = {isa = PBXFileReference; lastKnownFileType = sourcecode.swift; path = AppDelegate.swift; sourceTree = "<group>"; };
		FBCBBE3A2212165F00687A6E /* ViewController.swift */ = {isa = PBXFileReference; lastKnownFileType = sourcecode.swift; path = ViewController.swift; sourceTree = "<group>"; };
		FBCBBE3D2212165F00687A6E /* Base */ = {isa = PBXFileReference; lastKnownFileType = file.storyboard; name = Base; path = Base.lproj/Main.storyboard; sourceTree = "<group>"; };
		FBCBBE3F2212166000687A6E /* Assets.xcassets */ = {isa = PBXFileReference; lastKnownFileType = folder.assetcatalog; path = Assets.xcassets; sourceTree = "<group>"; };
		FBCBBE422212166000687A6E /* Base */ = {isa = PBXFileReference; lastKnownFileType = file.storyboard; name = Base; path = Base.lproj/LaunchScreen.storyboard; sourceTree = "<group>"; };
		FBCBBE442212166000687A6E /* Info.plist */ = {isa = PBXFileReference; lastKnownFileType = text.plist.xml; path = Info.plist; sourceTree = "<group>"; };
		FBCBBE4A221216AA00687A6E /* TableViewController.swift */ = {isa = PBXFileReference; lastKnownFileType = sourcecode.swift; path = TableViewController.swift; sourceTree = "<group>"; };
		FBCBBE4C2212186300687A6E /* Jugador.swift */ = {isa = PBXFileReference; lastKnownFileType = sourcecode.swift; path = Jugador.swift; sourceTree = "<group>"; };
/* End PBXFileReference section */

/* Begin PBXFrameworksBuildPhase section */
		FBCBBE322212165F00687A6E /* Frameworks */ = {
			isa = PBXFrameworksBuildPhase;
			buildActionMask = 2147483647;
			files = (
			);
			runOnlyForDeploymentPostprocessing = 0;
		};
/* End PBXFrameworksBuildPhase section */

/* Begin PBXGroup section */
		FBCBBE2C2212165F00687A6E = {
			isa = PBXGroup;
			children = (
				FBCBBE372212165F00687A6E /* TableViewAct */,
				FBCBBE362212165F00687A6E /* Products */,
			);
			sourceTree = "<group>";
		};
		FBCBBE362212165F00687A6E /* Products */ = {
			isa = PBXGroup;
			children = (
				FBCBBE352212165F00687A6E /* TableViewAct.app */,
			);
			name = Products;
			sourceTree = "<group>";
		};
		FBCBBE372212165F00687A6E /* TableViewAct */ = {
			isa = PBXGroup;
			children = (
				FBCBBE382212165F00687A6E /* AppDelegate.swift */,
				FBCBBE3A2212165F00687A6E /* ViewController.swift */,
				FBCBBE3C2212165F00687A6E /* Main.storyboard */,
				FBCBBE4C2212186300687A6E /* Jugador.swift */,
				FBCBBE4A221216AA00687A6E /* TableViewController.swift */,
				FBCBBE3F2212166000687A6E /* Assets.xcassets */,
				FBCBBE412212166000687A6E /* LaunchScreen.storyboard */,
				FBCBBE442212166000687A6E /* Info.plist */,
			);
			path = TableViewAct;
			sourceTree = "<group>";
		};
/* End PBXGroup section */

/* Begin PBXNativeTarget section */
		FBCBBE342212165F00687A6E /* TableViewAct */ = {
			isa = PBXNativeTarget;
			buildConfigurationList = FBCBBE472212166000687A6E /* Build configuration list for PBXNativeTarget "TableViewAct" */;
			buildPhases = (
				FBCBBE312212165F00687A6E /* Sources */,
				FBCBBE322212165F00687A6E /* Frameworks */,
				FBCBBE332212165F00687A6E /* Resources */,
			);
			buildRules = (
			);
			dependencies = (
			);
			name = TableViewAct;
			productName = TableViewAct;
			productReference = FBCBBE352212165F00687A6E /* TableViewAct.app */;
			productType = "com.apple.product-type.application";
		};
/* End PBXNativeTarget section */

/* Begin PBXProject section */
		FBCBBE2D2212165F00687A6E /* Project object */ = {
			isa = PBXProject;
			attributes = {
				LastSwiftUpdateCheck = 1010;
				LastUpgradeCheck = 1010;
				ORGANIZATIONNAME = ITESM;
				TargetAttributes = {
					FBCBBE342212165F00687A6E = {
						CreatedOnToolsVersion = 10.1;
					};
				};
			};
			buildConfigurationList = FBCBBE302212165F00687A6E /* Build configuration list for PBXProject "TableViewAct" */;
			compatibilityVersion = "Xcode 9.3";
			developmentRegion = en;
			hasScannedForEncodings = 0;
			knownRegions = (
				en,
				Base,
			);
			mainGroup = FBCBBE2C2212165F00687A6E;
			productRefGroup = FBCBBE362212165F00687A6E /* Products */;
			projectDirPath = "";
			projectRoot = "";
			targets = (
				FBCBBE342212165F00687A6E /* TableViewAct */,
			);
		};
/* End PBXProject section */

/* Begin PBXResourcesBuildPhase section */
		FBCBBE332212165F00687A6E /* Resources */ = {
			isa = PBXResourcesBuildPhase;
			buildActionMask = 2147483647;
			files = (
				FBCBBE432212166000687A6E /* LaunchScreen.storyboard in Resources */,
				FBCBBE402212166000687A6E /* Assets.xcassets in Resources */,
				FBCBBE3E2212165F00687A6E /* Main.storyboard in Resources */,
			);
			runOnlyForDeploymentPostprocessing = 0;
		};
/* End PBXResourcesBuildPhase section */

/* Begin PBXSourcesBuildPhase section */
		FBCBBE312212165F00687A6E /* Sources */ = {
			isa = PBXSourcesBuildPhase;
			buildActionMask = 2147483647;
			files = (
				FBCBBE4D2212186300687A6E /* Jugador.swift in Sources */,
				FBCBBE3B2212165F00687A6E /* ViewController.swift in Sources */,
				FBCBBE4B221216AA00687A6E /* TableViewController.swift in Sources */,
				FBCBBE392212165F00687A6E /* AppDelegate.swift in Sources */,
			);
			runOnlyForDeploymentPostprocessing = 0;
		};
/* End PBXSourcesBuildPhase section */

/* Begin PBXVariantGroup section */
		FBCBBE3C2212165F00687A6E /* Main.storyboard */ = {
			isa = PBXVariantGroup;
			children = (
				FBCBBE3D2212165F00687A6E /* Base */,
			);
			name = Main.storyboard;
			sourceTree = "<group>";
		};
		FBCBBE412212166000687A6E /* LaunchScreen.storyboard */ = {
			isa = PBXVariantGroup;
			children = (
				FBCBBE422212166000687A6E /* Base */,
			);
			name = LaunchScreen.storyboard;
			sourceTree = "<group>";
		};
/* End PBXVariantGroup section */

/* Begin XCBuildConfiguration section */
		FBCBBE452212166000687A6E /* Debug */ = {
			isa = XCBuildConfiguration;
			buildSettings = {
				ALWAYS_SEARCH_USER_PATHS = NO;
				CLANG_ANALYZER_NONNULL = YES;
				CLANG_ANALYZER_NUMBER_OBJECT_CONVERSION = YES_AGGRESSIVE;
				CLANG_CXX_LANGUAGE_STANDARD = "gnu++14";
				CLANG_CXX_LIBRARY = "libc++";
				CLANG_ENABLE_MODULES = YES;
				CLANG_ENABLE_OBJC_ARC = YES;
				CLANG_ENABLE_OBJC_WEAK = YES;
				CLANG_WARN_BLOCK_CAPTURE_AUTORELEASING = YES;
				CLANG_WARN_BOOL_CONVERSION = YES;
				CLANG_WARN_COMMA = YES;
				CLANG_WARN_CONSTANT_CONVERSION = YES;
				CLANG_WARN_DEPRECATED_OBJC_IMPLEMENTATIONS = YES;
				CLANG_WARN_DIRECT_OBJC_ISA_USAGE = YES_ERROR;
				CLANG_WARN_DOCUMENTATION_COMMENTS = YES;
				CLANG_WARN_EMPTY_BODY = YES;
				CLANG_WARN_ENUM_CONVERSION = YES;
				CLANG_WARN_INFINITE_RECURSION = YES;
				CLANG_WARN_INT_CONVERSION = YES;
				CLANG_WARN_NON_LITERAL_NULL_CONVERSION = YES;
				CLANG_WARN_OBJC_IMPLICIT_RETAIN_SELF = YES;
				CLANG_WARN_OBJC_LITERAL_CONVERSION = YES;
				CLANG_WARN_OBJC_ROOT_CLASS = YES_ERROR;
				CLANG_WARN_RANGE_LOOP_ANALYSIS = YES;
				CLANG_WARN_STRICT_PROTOTYPES = YES;
				CLANG_WARN_SUSPICIOUS_MOVE = YES;
				CLANG_WARN_UNGUARDED_AVAILABILITY = YES_AGGRESSIVE;
				CLANG_WARN_UNREACHABLE_CODE = YES;
				CLANG_WARN__DUPLICATE_METHOD_MATCH = YES;
				CODE_SIGN_IDENTITY = "iPhone Developer";
				COPY_PHASE_STRIP = NO;
				DEBUG_INFORMATION_FORMAT = dwarf;
				ENABLE_STRICT_OBJC_MSGSEND = YES;
				ENABLE_TESTABILITY = YES;
				GCC_C_LANGUAGE_STANDARD = gnu11;
				GCC_DYNAMIC_NO_PIC = NO;
				GCC_NO_COMMON_BLOCKS = YES;
				GCC_OPTIMIZATION_LEVEL = 0;
				GCC_PREPROCESSOR_DEFINITIONS = (
					"DEBUG=1",
					"$(inherited)",
				);
				GCC_WARN_64_TO_32_BIT_CONVERSION = YES;
				GCC_WARN_ABOUT_RETURN_TYPE = YES_ERROR;
				GCC_WARN_UNDECLARED_SELECTOR = YES;
				GCC_WARN_UNINITIALIZED_AUTOS = YES_AGGRESSIVE;
				GCC_WARN_UNUSED_FUNCTION = YES;
				GCC_WARN_UNUSED_VARIABLE = YES;
				IPHONEOS_DEPLOYMENT_TARGET = 12.1;
				MTL_ENABLE_DEBUG_INFO = INCLUDE_SOURCE;
				MTL_FAST_MATH = YES;
				ONLY_ACTIVE_ARCH = YES;
				SDKROOT = iphoneos;
				SWIFT_ACTIVE_COMPILATION_CONDITIONS = DEBUG;
				SWIFT_OPTIMIZATION_LEVEL = "-Onone";
			};
			name = Debug;
		};
		FBCBBE462212166000687A6E /* Release */ = {
			isa = XCBuildConfiguration;
			buildSettings = {
				ALWAYS_SEARCH_USER_PATHS = NO;
				CLANG_ANALYZER_NONNULL = YES;
				CLANG_ANALYZER_NUMBER_OBJECT_CONVERSION = YES_AGGRESSIVE;
				CLANG_CXX_LANGUAGE_STANDARD = "gnu++14";
				CLANG_CXX_LIBRARY = "libc++";
				CLANG_ENABLE_MODULES = YES;
				CLANG_ENABLE_OBJC_ARC = YES;
				CLANG_ENABLE_OBJC_WEAK = YES;
				CLANG_WARN_BLOCK_CAPTURE_AUTORELEASING = YES;
				CLANG_WARN_BOOL_CONVERSION = YES;
				CLANG_WARN_COMMA = YES;
				CLANG_WARN_CONSTANT_CONVERSION = YES;
				CLANG_WARN_DEPRECATED_OBJC_IMPLEMENTATIONS = YES;
				CLANG_WARN_DIRECT_OBJC_ISA_USAGE = YES_ERROR;
				CLANG_WARN_DOCUMENTATION_COMMENTS = YES;
				CLANG_WARN_EMPTY_BODY = YES;
				CLANG_WARN_ENUM_CONVERSION = YES;
				CLANG_WARN_INFINITE_RECURSION = YES;
				CLANG_WARN_INT_CONVERSION = YES;
				CLANG_WARN_NON_LITERAL_NULL_CONVERSION = YES;
				CLANG_WARN_OBJC_IMPLICIT_RETAIN_SELF = YES;
				CLANG_WARN_OBJC_LITERAL_CONVERSION = YES;
				CLANG_WARN_OBJC_ROOT_CLASS = YES_ERROR;
				CLANG_WARN_RANGE_LOOP_ANALYSIS = YES;
				CLANG_WARN_STRICT_PROTOTYPES = YES;
				CLANG_WARN_SUSPICIOUS_MOVE = YES;
				CLANG_WARN_UNGUARDED_AVAILABILITY = YES_AGGRESSIVE;
				CLANG_WARN_UNREACHABLE_CODE = YES;
				CLANG_WARN__DUPLICATE_METHOD_MATCH = YES;
				CODE_SIGN_IDENTITY = "iPhone Developer";
				COPY_PHASE_STRIP = NO;
				DEBUG_INFORMATION_FORMAT = "dwarf-with-dsym";
				ENABLE_NS_ASSERTIONS = NO;
				ENABLE_STRICT_OBJC_MSGSEND = YES;
				GCC_C_LANGUAGE_STANDARD = gnu11;
				GCC_NO_COMMON_BLOCKS = YES;
				GCC_WARN_64_TO_32_BIT_CONVERSION = YES;
				GCC_WARN_ABOUT_RETURN_TYPE = YES_ERROR;
				GCC_WARN_UNDECLARED_SELECTOR = YES;
				GCC_WARN_UNINITIALIZED_AUTOS = YES_AGGRESSIVE;
				GCC_WARN_UNUSED_FUNCTION = YES;
				GCC_WARN_UNUSED_VARIABLE = YES;
				IPHONEOS_DEPLOYMENT_TARGET = 12.1;
				MTL_ENABLE_DEBUG_INFO = NO;
				MTL_FAST_MATH = YES;
				SDKROOT = iphoneos;
				SWIFT_COMPILATION_MODE = wholemodule;
				SWIFT_OPTIMIZATION_LEVEL = "-O";
				VALIDATE_PRODUCT = YES;
			};
			name = Release;
		};
		FBCBBE482212166000687A6E /* Debug */ = {
			isa = XCBuildConfiguration;
			buildSettings = {
				ASSETCATALOG_COMPILER_APPICON_NAME = AppIcon;
				CODE_SIGN_STYLE = Automatic;
				INFOPLIST_FILE = TableViewAct/Info.plist;
				LD_RUNPATH_SEARCH_PATHS = (
					"$(inherited)",
					"@executable_path/Frameworks",
				);
				PRODUCT_BUNDLE_IDENTIFIER = mx.itesm.TableViewAct;
				PRODUCT_NAME = "$(TARGET_NAME)";
				SWIFT_VERSION = 4.2;
				TARGETED_DEVICE_FAMILY = "1,2";
			};
			name = Debug;
		};
		FBCBBE492212166000687A6E /* Release */ = {
			isa = XCBuildConfiguration;
			buildSettings = {
				ASSETCATALOG_COMPILER_APPICON_NAME = AppIcon;
				CODE_SIGN_STYLE = Automatic;
				INFOPLIST_FILE = TableViewAct/Info.plist;
				LD_RUNPATH_SEARCH_PATHS = (
					"$(inherited)",
					"@executable_path/Frameworks",
				);
				PRODUCT_BUNDLE_IDENTIFIER = mx.itesm.TableViewAct;
				PRODUCT_NAME = "$(TARGET_NAME)";
				SWIFT_VERSION = 4.2;
				TARGETED_DEVICE_FAMILY = "1,2";
			};
			name = Release;
		};
/* End XCBuildConfiguration section */

/* Begin XCConfigurationList section */
		FBCBBE302212165F00687A6E /* Build configuration list for PBXProject "TableViewAct" */ = {
			isa = XCConfigurationList;
			buildConfigurations = (
				FBCBBE452212166000687A6E /* Debug */,
				FBCBBE462212166000687A6E /* Release */,
			);
			defaultConfigurationIsVisible = 0;
			defaultConfigurationName = Release;
		};
		FBCBBE472212166000687A6E /* Build configuration list for PBXNativeTarget "TableViewAct" */ = {
			isa = XCConfigurationList;
			buildConfigurations = (
				FBCBBE482212166000687A6E /* Debug */,
				FBCBBE492212166000687A6E /* Release */,
			);
			defaultConfigurationIsVisible = 0;
			defaultConfigurationName = Release;
		};
/* End XCConfigurationList section */
	};
	rootObject = FBCBBE2D2212165F00687A6E /* Project object */;
}
